# THIS IS AN AUTOGENERATED FILE. DO NOT EDIT THIS FILE DIRECTLY.
# yarn lockfile v1


mobx@^4.15.4:
  version "4.15.4"
  resolved "https://registry.yarnpkg.com/mobx/-/mobx-4.15.4.tgz#644eac80bdd15793855194e764c475041101b406"
  integrity sha512-nyuHPqmKnVOnbvkjR8OrijBtovxAHYC+JU8/qBqvBw4Dez/n+zzxqNHbZNFy7/07+wwc/Qz7JS9WSfy1LcYISA==
