# THIS IS AN AUTOGENERATED FILE. DO NOT EDIT THIS FILE DIRECTLY.
# yarn lockfile v1


"@types/route-parser@^0.1.3":
  version "0.1.3"
  resolved "https://registry.yarnpkg.com/@types/route-parser/-/route-parser-0.1.3.tgz#f8af16886ebe0b525879628c04f81433ac617af0"
  integrity sha512-1AQYpsMbxangSnApsyIHzck5TP8cfas8fzmemljLi2APssJvlZiHkTar/ZtcZwOtK/Ory/xwLg2X8dwhkbnM+g==

jest-mock-extended@^2.0.4:
  version "2.0.4"
  resolved "https://registry.yarnpkg.com/jest-mock-extended/-/jest-mock-extended-2.0.4.tgz#2bb430ba0adb9e10ea6a68d08731f2129330c8fe"
  integrity sha512-MgL3B3GjURQFjjPGqbCANydA5BFNPygv0mYp4Tjfxohh9MWwxxX8Eq2p6ncCt/Vt+RAnaLlDaI7gwrDRD7Pt9A==
  dependencies:
    ts-essentials "^7.0.3"

route-parser@^0.0.5:
  version "0.0.5"
  resolved "https://registry.yarnpkg.com/route-parser/-/route-parser-0.0.5.tgz#7d1d09d335e49094031ea16991a4a79b01bbe1f4"
  integrity sha1-fR0J0zXkkJQDHqFpkaSnmwG74fQ=

ts-essentials@^7.0.3:
  version "7.0.3"
  resolved "https://registry.yarnpkg.com/ts-essentials/-/ts-essentials-7.0.3.tgz#686fd155a02133eedcc5362dc8b5056cde3e5a38"
  integrity sha512-8+gr5+lqO3G84KdiTSMRLtuyJ+nTBVRKuCrK4lidMPdVeEp0uqC875uE5NMcaA7YYMN7XsNiFQuMvasF8HT/xQ==
