# THIS IS AN AUTOGENERATED FILE. DO NOT EDIT THIS FILE DIRECTLY.
# yarn lockfile v1


"@frui.ts/helpers@^999.0.0":
  version "0.16.0"
  resolved "https://registry.yarnpkg.com/@frui.ts/helpers/-/helpers-0.16.0.tgz#61ccfd368ee3563a2dda7dad1807534b4addbe8c"
  integrity sha512-xNqIWOiSg58YGYcGqPWoNkGwL22qO9qBAL8QYp+v+EREPXoKE2YaDctBy+AqRwqsOXZXuU49Xet0Xs+f3gLDgg==

decode-uri-component@^0.2.0:
  version "0.2.0"
  resolved "https://registry.yarnpkg.com/decode-uri-component/-/decode-uri-component-0.2.0.tgz#eb3913333458775cb84cd1a1fae062106bb87545"
  integrity sha1-6zkTMzRYd1y4TNGh+uBiEGu4dUU=

query-string@^6.9.0:
  version "6.13.5"
  resolved "https://registry.yarnpkg.com/query-string/-/query-string-6.13.5.tgz#99e95e2fb7021db90a6f373f990c0c814b3812d8"
  integrity sha512-svk3xg9qHR39P3JlHuD7g3nRnyay5mHbrPctEBDUxUkHRifPHXJDhBUycdCC0NBjXoDf44Gb+IsOZL1Uwn8M/Q==
  dependencies:
    decode-uri-component "^0.2.0"
    split-on-first "^1.0.0"
    strict-uri-encode "^2.0.0"

split-on-first@^1.0.0:
  version "1.1.0"
  resolved "https://registry.yarnpkg.com/split-on-first/-/split-on-first-1.1.0.tgz#f610afeee3b12bce1d0c30425e76398b78249a5f"
  integrity sha512-43ZssAJaMusuKWL8sKUBQXHWOpq8d6CfN/u1p4gUzfJkM05C8rxTmYrkIPTXapZpORA6LkkzcUulJ8FqA7Uudw==

strict-uri-encode@^2.0.0:
  version "2.0.0"
  resolved "https://registry.yarnpkg.com/strict-uri-encode/-/strict-uri-encode-2.0.0.tgz#b9c7330c7042862f6b142dc274bbcc5866ce3546"
  integrity sha1-ucczDHBChi9rFC3CdLvMWGbONUY=
